
Microsoft Visual Studio Solution File, Format Version 12.00
# Visual Studio Version 16
VisualStudioVersion = 16.0.30517.126
MinimumVisualStudioVersion = 10.0.40219.1
Project("{9A19103F-16F7-4668-BE54-9A1E7A4F7556}") = "ff_WDatabse", "ff_WDatabse\ff_WDatabse.csproj", "{36DC8E1E-B216-40D2-A6D9-4A0C4E59A881}"
EndProject
Project("{9A19103F-16F7-4668-BE54-9A1E7A4F7556}") = "Data", "Data\Data.csproj", "{1E410E53-E27E-4329-B028-0A867B29EF5C}"
EndProject
Project("{9A19103F-16F7-4668-BE54-9A1E7A4F7556}") = "Models", "Models\Models.csproj", "{12DBF86D-D41C-4D2D-AADF-450D9D6C0832}"
EndProject
Project("{9A19103F-16F7-4668-BE54-9A1E7A4F7556}") = "Repository", "Repository\Repository.csproj", "{BA93C74B-69D2-4882-8308-3A71A1D237AF}"
EndProject
Project("{9A19103F-16F7-4668-BE54-9A1E7A4F7556}") = "Logic", "Logic\Logic.csproj", "{989E840D-17DA-483B-B9BB-23C8F19749F2}"
EndProject
Project("{9A19103F-16F7-4668-BE54-9A1E7A4F7556}") = "Test", "Test\Test.csproj", "{146E2EC3-CBC1-4383-A417-4B919F2337A1}"
EndProject
Project("{FAE04EC0-301F-11D3-BF4B-00C04F79EFBC}") = "ApiEndpoint", "ApiEndpoint\ApiEndpoint.csproj", "{6778E7D5-2C7C-4B9E-80BC-A36D4C381758}"
EndProject
Global
	GlobalSection(SolutionConfigurationPlatforms) = preSolution
		Debug|Any CPU = Debug|Any CPU
		Release|Any CPU = Release|Any CPU
	EndGlobalSection
	GlobalSection(ProjectConfigurationPlatforms) = postSolution
		{36DC8E1E-B216-40D2-A6D9-4A0C4E59A881}.Debug|Any CPU.ActiveCfg = Debug|Any CPU
		{36DC8E1E-B216-40D2-A6D9-4A0C4E59A881}.Debug|Any CPU.Build.0 = Debug|Any CPU
		{36DC8E1E-B216-40D2-A6D9-4A0C4E59A881}.Release|Any CPU.ActiveCfg = Release|Any CPU
		{36DC8E1E-B216-40D2-A6D9-4A0C4E59A881}.Release|Any CPU.Build.0 = Release|Any CPU
		{1E410E53-E27E-4329-B028-0A867B29EF5C}.Debug|Any CPU.ActiveCfg = Debug|Any CPU
		{1E410E53-E27E-4329-B028-0A867B29EF5C}.Debug|Any CPU.Build.0 = Debug|Any CPU
		{1E410E53-E27E-4329-B028-0A867B29EF5C}.Release|Any CPU.ActiveCfg = Release|Any CPU
		{1E410E53-E27E-4329-B028-0A867B29EF5C}.Release|Any CPU.Build.0 = Release|Any CPU
		{12DBF86D-D41C-4D2D-AADF-450D9D6C0832}.Debug|Any CPU.ActiveCfg = Debug|Any CPU
		{12DBF86D-D41C-4D2D-AADF-450D9D6C0832}.Debug|Any CPU.Build.0 = Debug|Any CPU
		{12DBF86D-D41C-4D2D-AADF-450D9D6C0832}.Release|Any CPU.ActiveCfg = Release|Any CPU
		{12DBF86D-D41C-4D2D-AADF-450D9D6C0832}.Release|Any CPU.Build.0 = Release|Any CPU
		{BA93C74B-69D2-4882-8308-3A71A1D237AF}.Debug|Any CPU.ActiveCfg = Debug|Any CPU
		{BA93C74B-69D2-4882-8308-3A71A1D237AF}.Debug|Any CPU.Build.0 = Debug|Any CPU
		{BA93C74B-69D2-4882-8308-3A71A1D237AF}.Release|Any CPU.ActiveCfg = Release|Any CPU
		{BA93C74B-69D2-4882-8308-3A71A1D237AF}.Release|Any CPU.Build.0 = Release|Any CPU
		{989E840D-17DA-483B-B9BB-23C8F19749F2}.Debug|Any CPU.ActiveCfg = Debug|Any CPU
		{989E840D-17DA-483B-B9BB-23C8F19749F2}.Debug|Any CPU.Build.0 = Debug|Any CPU
		{989E840D-17DA-483B-B9BB-23C8F19749F2}.Release|Any CPU.ActiveCfg = Release|Any CPU
		{989E840D-17DA-483B-B9BB-23C8F19749F2}.Release|Any CPU.Build.0 = Release|Any CPU
		{146E2EC3-CBC1-4383-A417-4B919F2337A1}.Debug|Any CPU.ActiveCfg = Debug|Any CPU
		{146E2EC3-CBC1-4383-A417-4B919F2337A1}.Debug|Any CPU.Build.0 = Debug|Any CPU
		{146E2EC3-CBC1-4383-A417-4B919F2337A1}.Release|Any CPU.ActiveCfg = Release|Any CPU
		{146E2EC3-CBC1-4383-A417-4B919F2337A1}.Release|Any CPU.Build.0 = Release|Any CPU
		{6778E7D5-2C7C-4B9E-80BC-A36D4C381758}.Debug|Any CPU.ActiveCfg = Debug|Any CPU
		{6778E7D5-2C7C-4B9E-80BC-A36D4C381758}.Debug|Any CPU.Build.0 = Debug|Any CPU
		{6778E7D5-2C7C-4B9E-80BC-A36D4C381758}.Release|Any CPU.ActiveCfg = Release|Any CPU
		{6778E7D5-2C7C-4B9E-80BC-A36D4C381758}.Release|Any CPU.Build.0 = Release|Any CPU
	EndGlobalSection
	GlobalSection(SolutionProperties) = preSolution
		HideSolutionNode = FALSE
	EndGlobalSection
	GlobalSection(ExtensibilityGlobals) = postSolution
		SolutionGuid = {C2F68176-4ABC-441F-99FE-ECF9A8E87D34}
	EndGlobalSection
EndGlobal
